{
  "name": "sandbox",
  "version": "1.0.0",
  "lockfileVersion": 1,
  "requires": true,
  "dependencies": {
    "pluralize": {
      "version": "7.0.0",
      "resolved": "https://registry.npmjs.org/pluralize/-/pluralize-7.0.0.tgz",
      "integrity": "sha512-ARhBOdzS3e41FbkW/XWrTEtukqqLoK5+Z/4UeDaLuSW+39JPeFgs4gCGqsrJHVZX0fUrx//4OF0K1CUGwlIFow=="
    },
    "typescript-module-practice": {
      "version": "1.0.0",
      "resolved": "https://registry.npmjs.org/typescript-module-practice/-/typescript-module-practice-1.0.0.tgz",
      "integrity": "sha512-B5t+sBNGcjDlNMM339unEZrfdbrAqhlXIH0WVfdnJNZEMZg2v2DVl4gXW9oocwd/0vYpNchK/l+twHyJc/y77w==",
      "requires": {
        "pluralize": "7.0.0"
      }
    }
  }
}
